// !$*UTF8*$!
{
	archiveVersion = 1;
	classes = {
	};
	objectVersion = 46;
	objects = {

/* Begin PBXBuildFile section */
		2FB23E2B1DECC69300B670D9 /* AppDelegate.swift in Sources */ = {isa = PBXBuildFile; fileRef = 2FB23E2A1DECC69300B670D9 /* AppDelegate.swift */; };
		2FB23E2D1DECC69300B670D9 /* ViewController.swift in Sources */ = {isa = PBXBuildFile; fileRef = 2FB23E2C1DECC69300B670D9 /* ViewController.swift */; };
		2FB23E301DECC69300B670D9 /* Main.storyboard in Resources */ = {isa = PBXBuildFile; fileRef = 2FB23E2E1DECC69300B670D9 /* Main.storyboard */; };
		2FB23E321DECC69300B670D9 /* Assets.xcassets in Resources */ = {isa = PBXBuildFile; fileRef = 2FB23E311DECC69300B670D9 /* Assets.xcassets */; };
		2FB23E351DECC69300B670D9 /* LaunchScreen.storyboard in Resources */ = {isa = PBXBuildFile; fileRef = 2FB23E331DECC69300B670D9 /* LaunchScreen.storyboard */; };
		2FB23E401DECC69300B670D9 /* tipcalcTests.swift in Sources */ = {isa = PBXBuildFile; fileRef = 2FB23E3F1DECC69300B670D9 /* tipcalcTests.swift */; };
		2FB23E4B1DECC69300B670D9 /* tipcalcUITests.swift in Sources */ = {isa = PBXBuildFile; fileRef = 2FB23E4A1DECC69300B670D9 /* tipcalcUITests.swift */; };
/* End PBXBuildFile section */

/* Begin PBXContainerItemProxy section */
		2FB23E3C1DECC69300B670D9 /* PBXContainerItemProxy */ = {
			isa = PBXContainerItemProxy;
			containerPortal = 2FB23E1F1DECC69300B670D9 /* Project object */;
			proxyType = 1;
			remoteGlobalIDString = 2FB23E261DECC69300B670D9;
			remoteInfo = tipcalc;
		};
		2FB23E471DECC69300B670D9 /* PBXContainerItemProxy */ = {
			isa = PBXContainerItemProxy;
			containerPortal = 2FB23E1F1DECC69300B670D9 /* Project object */;
			proxyType = 1;
			remoteGlobalIDString = 2FB23E261DECC69300B670D9;
			remoteInfo = tipcalc;
		};
/* End PBXContainerItemProxy section */

/* Begin PBXFileReference section */
		2FB23E271DECC69300B670D9 /* tipcalc.app */ = {isa = PBXFileReference; explicitFileType = wrapper.application; includeInIndex = 0; path = tipcalc.app; sourceTree = BUILT_PRODUCTS_DIR; };
		2FB23E2A1DECC69300B670D9 /* AppDelegate.swift */ = {isa = PBXFileReference; lastKnownFileType = sourcecode.swift; path = AppDelegate.swift; sourceTree = "<group>"; };
		2FB23E2C1DECC69300B670D9 /* ViewController.swift */ = {isa = PBXFileReference; lastKnownFileType = sourcecode.swift; path = ViewController.swift; sourceTree = "<group>"; };
		2FB23E2F1DECC69300B670D9 /* Base */ = {isa = PBXFileReference; lastKnownFileType = file.storyboard; name = Base; path = Base.lproj/Main.storyboard; sourceTree = "<group>"; };
		2FB23E311DECC69300B670D9 /* Assets.xcassets */ = {isa = PBXFileReference; lastKnownFileType = folder.assetcatalog; path = Assets.xcassets; sourceTree = "<group>"; };
		2FB23E341DECC69300B670D9 /* Base */ = {isa = PBXFileReference; lastKnownFileType = file.storyboard; name = Base; path = Base.lproj/LaunchScreen.storyboard; sourceTree = "<group>"; };
		2FB23E361DECC69300B670D9 /* Info.plist */ = {isa = PBXFileReference; lastKnownFileType = text.plist.xml; path = Info.plist; sourceTree = "<group>"; };
		2FB23E3B1DECC69300B670D9 /* tipcalcTests.xctest */ = {isa = PBXFileReference; explicitFileType = wrapper.cfbundle; includeInIndex = 0; path = tipcalcTests.xctest; sourceTree = BUILT_PRODUCTS_DIR; };
		2FB23E3F1DECC69300B670D9 /* tipcalcTests.swift */ = {isa = PBXFileReference; lastKnownFileType = sourcecode.swift; path = tipcalcTests.swift; sourceTree = "<group>"; };
		2FB23E411DECC69300B670D9 /* Info.plist */ = {isa = PBXFileReference; lastKnownFileType = text.plist.xml; path = Info.plist; sourceTree = "<group>"; };
		2FB23E461DECC69300B670D9 /* tipcalcUITests.xctest */ = {isa = PBXFileReference; explicitFileType = wrapper.cfbundle; includeInIndex = 0; path = tipcalcUITests.xctest; sourceTree = BUILT_PRODUCTS_DIR; };
		2FB23E4A1DECC69300B670D9 /* tipcalcUITests.swift */ = {isa = PBXFileReference; lastKnownFileType = sourcecode.swift; path = tipcalcUITests.swift; sourceTree = "<group>"; };
		2FB23E4C1DECC69300B670D9 /* Info.plist */ = {isa = PBXFileReference; lastKnownFileType = text.plist.xml; path = Info.plist; sourceTree = "<group>"; };
/* End PBXFileReference section */

/* Begin PBXFrameworksBuildPhase section */
		2FB23E241DECC69300B670D9 /* Frameworks */ = {
			isa = PBXFrameworksBuildPhase;
			buildActionMask = 2147483647;
			files = (
			);
			runOnlyForDeploymentPostprocessing = 0;
		};
		2FB23E381DECC69300B670D9 /* Frameworks */ = {
			isa = PBXFrameworksBuildPhase;
			buildActionMask = 2147483647;
			files = (
			);
			runOnlyForDeploymentPostprocessing = 0;
		};
		2FB23E431DECC69300B670D9 /* Frameworks */ = {
			isa = PBXFrameworksBuildPhase;
			buildActionMask = 2147483647;
			files = (
			);
			runOnlyForDeploymentPostprocessing = 0;
		};
/* End PBXFrameworksBuildPhase section */

/* Begin PBXGroup section */
		2FB23E1E1DECC69300B670D9 = {
			isa = PBXGroup;
			children = (
				2FB23E291DECC69300B670D9 /* tipcalc */,
				2FB23E3E1DECC69300B670D9 /* tipcalcTests */,
				2FB23E491DECC69300B670D9 /* tipcalcUITests */,
				2FB23E281DECC69300B670D9 /* Products */,
			);
			sourceTree = "<group>";
		};
		2FB23E281DECC69300B670D9 /* Products */ = {
			isa = PBXGroup;
			children = (
				2FB23E271DECC69300B670D9 /* tipcalc.app */,
				2FB23E3B1DECC69300B670D9 /* tipcalcTests.xctest */,
				2FB23E461DECC69300B670D9 /* tipcalcUITests.xctest */,
			);
			name = Products;
			sourceTree = "<group>";
		};
		2FB23E291DECC69300B670D9 /* tipcalc */ = {
			isa = PBXGroup;
			children = (
				2FB23E2A1DECC69300B670D9 /* AppDelegate.swift */,
				2FB23E2C1DECC69300B670D9 /* ViewController.swift */,
				2FB23E2E1DECC69300B670D9 /* Main.storyboard */,
				2FB23E311DECC69300B670D9 /* Assets.xcassets */,
				2FB23E331DECC69300B670D9 /* LaunchScreen.storyboard */,
				2FB23E361DECC69300B670D9 /* Info.plist */,
			);
			path = tipcalc;
			sourceTree = "<group>";
		};
		2FB23E3E1DECC69300B670D9 /* tipcalcTests */ = {
			isa = PBXGroup;
			children = (
				2FB23E3F1DECC69300B670D9 /* tipcalcTests.swift */,
				2FB23E411DECC69300B670D9 /* Info.plist */,
			);
			path = tipcalcTests;
			sourceTree = "<group>";
		};
		2FB23E491DECC69300B670D9 /* tipcalcUITests */ = {
			isa = PBXGroup;
			children = (
				2FB23E4A1DECC69300B670D9 /* tipcalcUITests.swift */,
				2FB23E4C1DECC69300B670D9 /* Info.plist */,
			);
			path = tipcalcUITests;
			sourceTree = "<group>";
		};
/* End PBXGroup section */

/* Begin PBXNativeTarget section */
		2FB23E261DECC69300B670D9 /* tipcalc */ = {
			isa = PBXNativeTarget;
			buildConfigurationList = 2FB23E4F1DECC69300B670D9 /* Build configuration list for PBXNativeTarget "tipcalc" */;
			buildPhases = (
				2FB23E231DECC69300B670D9 /* Sources */,
				2FB23E241DECC69300B670D9 /* Frameworks */,
				2FB23E251DECC69300B670D9 /* Resources */,
			);
			buildRules = (
			);
			dependencies = (
			);
			name = tipcalc;
			productName = tipcalc;
			productReference = 2FB23E271DECC69300B670D9 /* tipcalc.app */;
			productType = "com.apple.product-type.application";
		};
		2FB23E3A1DECC69300B670D9 /* tipcalcTests */ = {
			isa = PBXNativeTarget;
			buildConfigurationList = 2FB23E521DECC69300B670D9 /* Build configuration list for PBXNativeTarget "tipcalcTests" */;
			buildPhases = (
				2FB23E371DECC69300B670D9 /* Sources */,
				2FB23E381DECC69300B670D9 /* Frameworks */,
				2FB23E391DECC69300B670D9 /* Resources */,
			);
			buildRules = (
			);
			dependencies = (
				2FB23E3D1DECC69300B670D9 /* PBXTargetDependency */,
			);
			name = tipcalcTests;
			productName = tipcalcTests;
			productReference = 2FB23E3B1DECC69300B670D9 /* tipcalcTests.xctest */;
			productType = "com.apple.product-type.bundle.unit-test";
		};
		2FB23E451DECC69300B670D9 /* tipcalcUITests */ = {
			isa = PBXNativeTarget;
			buildConfigurationList = 2FB23E551DECC69300B670D9 /* Build configuration list for PBXNativeTarget "tipcalcUITests" */;
			buildPhases = (
				2FB23E421DECC69300B670D9 /* Sources */,
				2FB23E431DECC69300B670D9 /* Frameworks */,
				2FB23E441DECC69300B670D9 /* Resources */,
			);
			buildRules = (
			);
			dependencies = (
				2FB23E481DECC69300B670D9 /* PBXTargetDependency */,
			);
			name = tipcalcUITests;
			productName = tipcalcUITests;
			productReference = 2FB23E461DECC69300B670D9 /* tipcalcUITests.xctest */;
			productType = "com.apple.product-type.bundle.ui-testing";
		};
/* End PBXNativeTarget section */

/* Begin PBXProject section */
		2FB23E1F1DECC69300B670D9 /* Project object */ = {
			isa = PBXProject;
			attributes = {
				LastSwiftUpdateCheck = 0730;
				LastUpgradeCheck = 0730;
				ORGANIZATIONNAME = "Luke T Thomas";
				TargetAttributes = {
					2FB23E261DECC69300B670D9 = {
						CreatedOnToolsVersion = 7.3.1;
					};
					2FB23E3A1DECC69300B670D9 = {
						CreatedOnToolsVersion = 7.3.1;
						TestTargetID = 2FB23E261DECC69300B670D9;
					};
					2FB23E451DECC69300B670D9 = {
						CreatedOnToolsVersion = 7.3.1;
						TestTargetID = 2FB23E261DECC69300B670D9;
					};
				};
			};
			buildConfigurationList = 2FB23E221DECC69300B670D9 /* Build configuration list for PBXProject "tipcalc" */;
			compatibilityVersion = "Xcode 3.2";
			developmentRegion = English;
			hasScannedForEncodings = 0;
			knownRegions = (
				en,
				Base,
			);
			mainGroup = 2FB23E1E1DECC69300B670D9;
			productRefGroup = 2FB23E281DECC69300B670D9 /* Products */;
			projectDirPath = "";
			projectRoot = "";
			targets = (
				2FB23E261DECC69300B670D9 /* tipcalc */,
				2FB23E3A1DECC69300B670D9 /* tipcalcTests */,
				2FB23E451DECC69300B670D9 /* tipcalcUITests */,
			);
		};
/* End PBXProject section */

/* Begin PBXResourcesBuildPhase section */
		2FB23E251DECC69300B670D9 /* Resources */ = {
			isa = PBXResourcesBuildPhase;
			buildActionMask = 2147483647;
			files = (
				2FB23E351DECC69300B670D9 /* LaunchScreen.storyboard in Resources */,
				2FB23E321DECC69300B670D9 /* Assets.xcassets in Resources */,
				2FB23E301DECC69300B670D9 /* Main.storyboard in Resources */,
			);
			runOnlyForDeploymentPostprocessing = 0;
		};
		2FB23E391DECC69300B670D9 /* Resources */ = {
			isa = PBXResourcesBuildPhase;
			buildActionMask = 2147483647;
			files = (
			);
			runOnlyForDeploymentPostprocessing = 0;
		};
		2FB23E441DECC69300B670D9 /* Resources */ = {
			isa = PBXResourcesBuildPhase;
			buildActionMask = 2147483647;
			files = (
			);
			runOnlyForDeploymentPostprocessing = 0;
		};
/* End PBXResourcesBuildPhase section */

/* Begin PBXSourcesBuildPhase section */
		2FB23E231DECC69300B670D9 /* Sources */ = {
			isa = PBXSourcesBuildPhase;
			buildActionMask = 2147483647;
			files = (
				2FB23E2D1DECC69300B670D9 /* ViewController.swift in Sources */,
				2FB23E2B1DECC69300B670D9 /* AppDelegate.swift in Sources */,
			);
			runOnlyForDeploymentPostprocessing = 0;
		};
		2FB23E371DECC69300B670D9 /* Sources */ = {
			isa = PBXSourcesBuildPhase;
			buildActionMask = 2147483647;
			files = (
				2FB23E401DECC69300B670D9 /* tipcalcTests.swift in Sources */,
			);
			runOnlyForDeploymentPostprocessing = 0;
		};
		2FB23E421DECC69300B670D9 /* Sources */ = {
			isa = PBXSourcesBuildPhase;
			buildActionMask = 2147483647;
			files = (
				2FB23E4B1DECC69300B670D9 /* tipcalcUITests.swift in Sources */,
			);
			runOnlyForDeploymentPostprocessing = 0;
		};
/* End PBXSourcesBuildPhase section */

/* Begin PBXTargetDependency section */
		2FB23E3D1DECC69300B670D9 /* PBXTargetDependency */ = {
			isa = PBXTargetDependency;
			target = 2FB23E261DECC69300B670D9 /* tipcalc */;
			targetProxy = 2FB23E3C1DECC69300B670D9 /* PBXContainerItemProxy */;
		};
		2FB23E481DECC69300B670D9 /* PBXTargetDependency */ = {
			isa = PBXTargetDependency;
			target = 2FB23E261DECC69300B670D9 /* tipcalc */;
			targetProxy = 2FB23E471DECC69300B670D9 /* PBXContainerItemProxy */;
		};
/* End PBXTargetDependency section */

/* Begin PBXVariantGroup section */
		2FB23E2E1DECC69300B670D9 /* Main.storyboard */ = {
			isa = PBXVariantGroup;
			children = (
				2FB23E2F1DECC69300B670D9 /* Base */,
			);
			name = Main.storyboard;
			sourceTree = "<group>";
		};
		2FB23E331DECC69300B670D9 /* LaunchScreen.storyboard */ = {
			isa = PBXVariantGroup;
			children = (
				2FB23E341DECC69300B670D9 /* Base */,
			);
			name = LaunchScreen.storyboard;
			sourceTree = "<group>";
		};
/* End PBXVariantGroup section */

/* Begin XCBuildConfiguration section */
		2FB23E4D1DECC69300B670D9 /* Debug */ = {
			isa = XCBuildConfiguration;
			buildSettings = {
				ALWAYS_SEARCH_USER_PATHS = NO;
				CLANG_ANALYZER_NONNULL = YES;
				CLANG_CXX_LANGUAGE_STANDARD = "gnu++0x";
				CLANG_CXX_LIBRARY = "libc++";
				CLANG_ENABLE_MODULES = YES;
				CLANG_ENABLE_OBJC_ARC = YES;
				CLANG_WARN_BOOL_CONVERSION = YES;
				CLANG_WARN_CONSTANT_CONVERSION = YES;
				CLANG_WARN_DIRECT_OBJC_ISA_USAGE = YES_ERROR;
				CLANG_WARN_EMPTY_BODY = YES;
				CLANG_WARN_ENUM_CONVERSION = YES;
				CLANG_WARN_INT_CONVERSION = YES;
				CLANG_WARN_OBJC_ROOT_CLASS = YES_ERROR;
				CLANG_WARN_UNREACHABLE_CODE = YES;
				CLANG_WARN__DUPLICATE_METHOD_MATCH = YES;
				"CODE_SIGN_IDENTITY[sdk=iphoneos*]" = "iPhone Developer";
				COPY_PHASE_STRIP = NO;
				DEBUG_INFORMATION_FORMAT = dwarf;
				ENABLE_STRICT_OBJC_MSGSEND = YES;
				ENABLE_TESTABILITY = YES;
				GCC_C_LANGUAGE_STANDARD = gnu99;
				GCC_DYNAMIC_NO_PIC = NO;
				GCC_NO_COMMON_BLOCKS = YES;
				GCC_OPTIMIZATION_LEVEL = 0;
				GCC_PREPROCESSOR_DEFINITIONS = (
					"DEBUG=1",
					"$(inherited)",
				);
				GCC_WARN_64_TO_32_BIT_CONVERSION = YES;
				GCC_WARN_ABOUT_RETURN_TYPE = YES_ERROR;
				GCC_WARN_UNDECLARED_SELECTOR = YES;
				GCC_WARN_UNINITIALIZED_AUTOS = YES_AGGRESSIVE;
				GCC_WARN_UNUSED_FUNCTION = YES;
				GCC_WARN_UNUSED_VARIABLE = YES;
				IPHONEOS_DEPLOYMENT_TARGET = 9.3;
				MTL_ENABLE_DEBUG_INFO = YES;
				ONLY_ACTIVE_ARCH = YES;
				SDKROOT = iphoneos;
				SWIFT_OPTIMIZATION_LEVEL = "-Onone";
			};
			name = Debug;
		};
		2FB23E4E1DECC69300B670D9 /* Release */ = {
			isa = XCBuildConfiguration;
			buildSettings = {
				ALWAYS_SEARCH_USER_PATHS = NO;
				CLANG_ANALYZER_NONNULL = YES;
				CLANG_CXX_LANGUAGE_STANDARD = "gnu++0x";
				CLANG_CXX_LIBRARY = "libc++";
				CLANG_ENABLE_MODULES = YES;
				CLANG_ENABLE_OBJC_ARC = YES;
				CLANG_WARN_BOOL_CONVERSION = YES;
				CLANG_WARN_CONSTANT_CONVERSION = YES;
				CLANG_WARN_DIRECT_OBJC_ISA_USAGE = YES_ERROR;
				CLANG_WARN_EMPTY_BODY = YES;
				CLANG_WARN_ENUM_CONVERSION = YES;
				CLANG_WARN_INT_CONVERSION = YES;
				CLANG_WARN_OBJC_ROOT_CLASS = YES_ERROR;
				CLANG_WARN_UNREACHABLE_CODE = YES;
				CLANG_WARN__DUPLICATE_METHOD_MATCH = YES;
				"CODE_SIGN_IDENTITY[sdk=iphoneos*]" = "iPhone Developer";
				COPY_PHASE_STRIP = NO;
				DEBUG_INFORMATION_FORMAT = "dwarf-with-dsym";
				ENABLE_NS_ASSERTIONS = NO;
				ENABLE_STRICT_OBJC_MSGSEND = YES;
				GCC_C_LANGUAGE_STANDARD = gnu99;
				GCC_NO_COMMON_BLOCKS = YES;
				GCC_WARN_64_TO_32_BIT_CONVERSION = YES;
				GCC_WARN_ABOUT_RETURN_TYPE = YES_ERROR;
				GCC_WARN_UNDECLARED_SELECTOR = YES;
				GCC_WARN_UNINITIALIZED_AUTOS = YES_AGGRESSIVE;
				GCC_WARN_UNUSED_FUNCTION = YES;
				GCC_WARN_UNUSED_VARIABLE = YES;
				IPHONEOS_DEPLOYMENT_TARGET = 9.3;
				MTL_ENABLE_DEBUG_INFO = NO;
				SDKROOT = iphoneos;
				VALIDATE_PRODUCT = YES;
			};
			name = Release;
		};
		2FB23E501DECC69300B670D9 /* Debug */ = {
			isa = XCBuildConfiguration;
			buildSettings = {
				ASSETCATALOG_COMPILER_APPICON_NAME = AppIcon;
				INFOPLIST_FILE = tipcalc/Info.plist;
				LD_RUNPATH_SEARCH_PATHS = "$(inherited) @executable_path/Frameworks";
				PRODUCT_BUNDLE_IDENTIFIER = com.lukethomas1.tipcalc;
				PRODUCT_NAME = "$(TARGET_NAME)";
			};
			name = Debug;
		};
		2FB23E511DECC69300B670D9 /* Release */ = {
			isa = XCBuildConfiguration;
			buildSettings = {
				ASSETCATALOG_COMPILER_APPICON_NAME = AppIcon;
				INFOPLIST_FILE = tipcalc/Info.plist;
				LD_RUNPATH_SEARCH_PATHS = "$(inherited) @executable_path/Frameworks";
				PRODUCT_BUNDLE_IDENTIFIER = com.lukethomas1.tipcalc;
				PRODUCT_NAME = "$(TARGET_NAME)";
			};
			name = Release;
		};
		2FB23E531DECC69300B670D9 /* Debug */ = {
			isa = XCBuildConfiguration;
			buildSettings = {
				BUNDLE_LOADER = "$(TEST_HOST)";
				INFOPLIST_FILE = tipcalcTests/Info.plist;
				LD_RUNPATH_SEARCH_PATHS = "$(inherited) @executable_path/Frameworks @loader_path/Frameworks";
				PRODUCT_BUNDLE_IDENTIFIER = com.lukethomas1.tipcalcTests;
				PRODUCT_NAME = "$(TARGET_NAME)";
				TEST_HOST = "$(BUILT_PRODUCTS_DIR)/tipcalc.app/tipcalc";
			};
			name = Debug;
		};
		2FB23E541DECC69300B670D9 /* Release */ = {
			isa = XCBuildConfiguration;
			buildSettings = {
				BUNDLE_LOADER = "$(TEST_HOST)";
				INFOPLIST_FILE = tipcalcTests/Info.plist;
				LD_RUNPATH_SEARCH_PATHS = "$(inherited) @executable_path/Frameworks @loader_path/Frameworks";
				PRODUCT_BUNDLE_IDENTIFIER = com.lukethomas1.tipcalcTests;
				PRODUCT_NAME = "$(TARGET_NAME)";
				TEST_HOST = "$(BUILT_PRODUCTS_DIR)/tipcalc.app/tipcalc";
			};
			name = Release;
		};
		2FB23E561DECC69300B670D9 /* Debug */ = {
			isa = XCBuildConfiguration;
			buildSettings = {
				INFOPLIST_FILE = tipcalcUITests/Info.plist;
				LD_RUNPATH_SEARCH_PATHS = "$(inherited) @executable_path/Frameworks @loader_path/Frameworks";
				PRODUCT_BUNDLE_IDENTIFIER = com.lukethomas1.tipcalcUITests;
				PRODUCT_NAME = "$(TARGET_NAME)";
				TEST_TARGET_NAME = tipcalc;
			};
			name = Debug;
		};
		2FB23E571DECC69300B670D9 /* Release */ = {
			isa = XCBuildConfiguration;
			buildSettings = {
				INFOPLIST_FILE = tipcalcUITests/Info.plist;
				LD_RUNPATH_SEARCH_PATHS = "$(inherited) @executable_path/Frameworks @loader_path/Frameworks";
				PRODUCT_BUNDLE_IDENTIFIER = com.lukethomas1.tipcalcUITests;
				PRODUCT_NAME = "$(TARGET_NAME)";
				TEST_TARGET_NAME = tipcalc;
			};
			name = Release;
		};
/* End XCBuildConfiguration section */

/* Begin XCConfigurationList section */
		2FB23E221DECC69300B670D9 /* Build configuration list for PBXProject "tipcalc" */ = {
			isa = XCConfigurationList;
			buildConfigurations = (
				2FB23E4D1DECC69300B670D9 /* Debug */,
				2FB23E4E1DECC69300B670D9 /* Release */,
			);
			defaultConfigurationIsVisible = 0;
			defaultConfigurationName = Release;
		};
		2FB23E4F1DECC69300B670D9 /* Build configuration list for PBXNativeTarget "tipcalc" */ = {
			isa = XCConfigurationList;
			buildConfigurations = (
				2FB23E501DECC69300B670D9 /* Debug */,
				2FB23E511DECC69300B670D9 /* Release */,
			);
			defaultConfigurationIsVisible = 0;
		};
		2FB23E521DECC69300B670D9 /* Build configuration list for PBXNativeTarget "tipcalcTests" */ = {
			isa = XCConfigurationList;
			buildConfigurations = (
				2FB23E531DECC69300B670D9 /* Debug */,
				2FB23E541DECC69300B670D9 /* Release */,
			);
			defaultConfigurationIsVisible = 0;
		};
		2FB23E551DECC69300B670D9 /* Build configuration list for PBXNativeTarget "tipcalcUITests" */ = {
			isa = XCConfigurationList;
			buildConfigurations = (
				2FB23E561DECC69300B670D9 /* Debug */,
				2FB23E571DECC69300B670D9 /* Release */,
			);
			defaultConfigurationIsVisible = 0;
		};
/* End XCConfigurationList section */
	};
	rootObject = 2FB23E1F1DECC69300B670D9 /* Project object */;
}
